
Microsoft Visual Studio Solution File, Format Version 12.00
# Visual Studio 15
VisualStudioVersion = 15.0.27130.0
MinimumVisualStudioVersion = 10.0.40219.1
Project("{FAE04EC0-301F-11D3-BF4B-00C04F79EFBC}") = "TestMakerFreeWebApp", "TestMakerFreeWebApp\TestMakerFreeWebApp.csproj", "{D66A382D-5D8B-4CB0-9B4B-16DF1136F5A5}"
EndProject
Global
	GlobalSection(SolutionConfigurationPlatforms) = preSolution
		Debug|Any CPU = Debug|Any CPU
		Release|Any CPU = Release|Any CPU
	EndGlobalSection
	GlobalSection(ProjectConfigurationPlatforms) = postSolution
		{D66A382D-5D8B-4CB0-9B4B-16DF1136F5A5}.Debug|Any CPU.ActiveCfg = Debug|Any CPU
		{D66A382D-5D8B-4CB0-9B4B-16DF1136F5A5}.Debug|Any CPU.Build.0 = Debug|Any CPU
		{D66A382D-5D8B-4CB0-9B4B-16DF1136F5A5}.Release|Any CPU.ActiveCfg = Release|Any CPU
		{D66A382D-5D8B-4CB0-9B4B-16DF1136F5A5}.Release|Any CPU.Build.0 = Release|Any CPU
	EndGlobalSection
	GlobalSection(SolutionProperties) = preSolution
		HideSolutionNode = FALSE
	EndGlobalSection
	GlobalSection(ExtensibilityGlobals) = postSolution
		SolutionGuid = {FFB9844B-B9F0-4BE5-8F15-330BE20221BB}
	EndGlobalSection
EndGlobal
